
Microsoft Visual Studio Solution File, Format Version 12.00
# Visual Studio Version 17
VisualStudioVersion = 17.7.34202.233
MinimumVisualStudioVersion = 10.0.40219.1
Project("{9A19103F-16F7-4668-BE54-9A1E7A4F7556}") = "GraduateWork_AutoDocX", "GraduateWork_AutoDocX.csproj", "{49B1199E-6EA7-4BB0-89C3-5ADA4B2EEDB2}"
EndProject
Global
	GlobalSection(SolutionConfigurationPlatforms) = preSolution
		Debug|Any CPU = Debug|Any CPU
		Release|Any CPU = Release|Any CPU
	EndGlobalSection
	GlobalSection(ProjectConfigurationPlatforms) = postSolution
		{49B1199E-6EA7-4BB0-89C3-5ADA4B2EEDB2}.Debug|Any CPU.ActiveCfg = Debug|Any CPU
		{49B1199E-6EA7-4BB0-89C3-5ADA4B2EEDB2}.Debug|Any CPU.Build.0 = Debug|Any CPU
		{49B1199E-6EA7-4BB0-89C3-5ADA4B2EEDB2}.Release|Any CPU.ActiveCfg = Release|Any CPU
		{49B1199E-6EA7-4BB0-89C3-5ADA4B2EEDB2}.Release|Any CPU.Build.0 = Release|Any CPU
	EndGlobalSection
	GlobalSection(SolutionProperties) = preSolution
		HideSolutionNode = FALSE
	EndGlobalSection
	GlobalSection(ExtensibilityGlobals) = postSolution
		SolutionGuid = {738E6367-3A55-43BA-AB92-DC11A347AC62}
	EndGlobalSection
EndGlobal
